
Microsoft Visual Studio Solution File, Format Version 12.00
# Visual Studio Version 17
VisualStudioVersion = 17.8.34330.188
MinimumVisualStudioVersion = 10.0.40219.1
Project("{FAE04EC0-301F-11D3-BF4B-00C04F79EFBC}") = "Saper", "Saper\Saper.csproj", "{F453D21B-88DA-4038-AB89-6557FCCFD7C2}"
EndProject
Global
	GlobalSection(SolutionConfigurationPlatforms) = preSolution
		Debug|Any CPU = Debug|Any CPU
		Release|Any CPU = Release|Any CPU
	EndGlobalSection
	GlobalSection(ProjectConfigurationPlatforms) = postSolution
		{F453D21B-88DA-4038-AB89-6557FCCFD7C2}.Debug|Any CPU.ActiveCfg = Debug|Any CPU
		{F453D21B-88DA-4038-AB89-6557FCCFD7C2}.Debug|Any CPU.Build.0 = Debug|Any CPU
		{F453D21B-88DA-4038-AB89-6557FCCFD7C2}.Release|Any CPU.ActiveCfg = Release|Any CPU
		{F453D21B-88DA-4038-AB89-6557FCCFD7C2}.Release|Any CPU.Build.0 = Release|Any CPU
	EndGlobalSection
	GlobalSection(SolutionProperties) = preSolution
		HideSolutionNode = FALSE
	EndGlobalSection
	GlobalSection(ExtensibilityGlobals) = postSolution
		SolutionGuid = {8D177195-D2EC-44C8-8822-648993150B17}
	EndGlobalSection
EndGlobal
